
Microsoft Visual Studio Solution File, Format Version 12.00
# Visual Studio Version 17
VisualStudioVersion = 17.14.36414.22 d17.14
MinimumVisualStudioVersion = 10.0.40219.1
Project("{FAE04EC0-301F-11D3-BF4B-00C04F79EFBC}") = "RaiNa.Core", "RaiNa.Core.csproj", "{9957E2B1-7600-4247-8C29-832F223BF121}"
EndProject
Project("{FAE04EC0-301F-11D3-BF4B-00C04F79EFBC}") = "RaiNa.Core.Tests", "..\RaiNa.Core.Tests\RaiNa.Core.Tests.csproj", "{B6345BF1-177F-4A9A-826E-3F4BE1E37311}"
EndProject
Global
	GlobalSection(SolutionConfigurationPlatforms) = preSolution
		Debug|Any CPU = Debug|Any CPU
		Release|Any CPU = Release|Any CPU
	EndGlobalSection
	GlobalSection(ProjectConfigurationPlatforms) = postSolution
		{9957E2B1-7600-4247-8C29-832F223BF121}.Debug|Any CPU.ActiveCfg = Debug|Any CPU
		{9957E2B1-7600-4247-8C29-832F223BF121}.Debug|Any CPU.Build.0 = Debug|Any CPU
		{9957E2B1-7600-4247-8C29-832F223BF121}.Release|Any CPU.ActiveCfg = Release|Any CPU
		{9957E2B1-7600-4247-8C29-832F223BF121}.Release|Any CPU.Build.0 = Release|Any CPU
		{B6345BF1-177F-4A9A-826E-3F4BE1E37311}.Debug|Any CPU.ActiveCfg = Debug|Any CPU
		{B6345BF1-177F-4A9A-826E-3F4BE1E37311}.Debug|Any CPU.Build.0 = Debug|Any CPU
		{B6345BF1-177F-4A9A-826E-3F4BE1E37311}.Release|Any CPU.ActiveCfg = Release|Any CPU
		{B6345BF1-177F-4A9A-826E-3F4BE1E37311}.Release|Any CPU.Build.0 = Release|Any CPU
	EndGlobalSection
	GlobalSection(SolutionProperties) = preSolution
		HideSolutionNode = FALSE
	EndGlobalSection
	GlobalSection(ExtensibilityGlobals) = postSolution
		SolutionGuid = {ADAE124C-7084-4ECD-8A27-469ECF8992D1}
	EndGlobalSection
EndGlobal
